PODS:
  - Alamofire (5.5.0)
  - BetterSegmentedControl (2.0.1)
  - Charts (4.1.0):
    - Charts/Core (= 4.1.0)
  - Charts/Core (4.1.0):
    - SwiftAlgorithms (~> 1.0)
  - DownPicker (0.1.34)
  - DynamicBlurView (4.1.0)
  - FirebaseCore (8.14.0):
    - FirebaseCoreDiagnostics (~> 8.0)
    - GoogleUtilities/Environment (~> 7.7)
    - GoogleUtilities/Logger (~> 7.7)
  - FirebaseCoreDiagnostics (8.14.0):
    - GoogleDataTransport (~> 9.1)
    - GoogleUtilities/Environment (~> 7.7)
    - GoogleUtilities/Logger (~> 7.7)
    - nanopb (~> 2.30908.0)
  - FirebaseInstallations (8.14.0):
    - FirebaseCore (~> 8.0)
    - GoogleUtilities/Environment (~> 7.7)
    - GoogleUtilities/UserDefaults (~> 7.7)
    - PromisesObjC (< 3.0, >= 1.2)
  - FirebaseMessaging (8.14.0):
    - FirebaseCore (~> 8.0)
    - FirebaseInstallations (~> 8.0)
    - GoogleDataTransport (~> 9.1)
    - GoogleUtilities/AppDelegateSwizzler (~> 7.7)
    - GoogleUtilities/Environment (~> 7.7)
    - GoogleUtilities/Reachability (~> 7.7)
    - GoogleUtilities/UserDefaults (~> 7.7)
    - nanopb (~> 2.30908.0)
  - FSPagerView (0.8.3)
  - GoogleDataTransport (9.1.2):
    - GoogleUtilities/Environment (~> 7.2)
    - nanopb (~> 2.30908.0)
    - PromisesObjC (< 3.0, >= 1.2)
  - GoogleUtilities/AppDelegateSwizzler (7.7.0):
    - GoogleUtilities/Environment
    - GoogleUtilities/Logger
    - GoogleUtilities/Network
  - GoogleUtilities/Environment (7.7.0):
    - PromisesObjC (< 3.0, >= 1.2)
  - GoogleUtilities/Logger (7.7.0):
    - GoogleUtilities/Environment
  - GoogleUtilities/Network (7.7.0):
    - GoogleUtilities/Logger
    - "GoogleUtilities/NSData+zlib"
    - GoogleUtilities/Reachability
  - "GoogleUtilities/NSData+zlib (7.7.0)"
  - GoogleUtilities/Reachability (7.7.0):
    - GoogleUtilities/Logger
  - GoogleUtilities/UserDefaults (7.7.0):
    - GoogleUtilities/Logger
  - IQKeyboardManagerSwift (6.5.9)
  - Kingfisher (7.3.0)
  - lottie-ios (3.5.0)
  - nanopb (2.30908.0):
    - nanopb/decode (= 2.30908.0)
    - nanopb/encode (= 2.30908.0)
  - nanopb/decode (2.30908.0)
  - nanopb/encode (2.30908.0)
  - ObjectMapper (4.2.0)
  - PopupDialog (1.1.1):
    - DynamicBlurView (~> 4.0)
  - PromisesObjC (2.0.0)
  - Realm (10.25.1):
    - Realm/Headers (= 10.25.1)
  - Realm/Headers (10.25.1)
  - RealmSwift (10.25.1):
    - Realm (= 10.25.1)
  - RxCocoa (6.5.0):
    - RxRelay (= 6.5.0)
    - RxSwift (= 6.5.0)
  - RxRelay (6.5.0):
    - RxSwift (= 6.5.0)
  - RxSwift (6.5.0)
  - StepIndicator (1.0.8)
  - SwiftAlgorithms (1.0.0)
  - SwiftReorder (7.2.0)
  - SwiftTheme (0.6.4)
  - SwiftyRSA (1.7.0):
    - SwiftyRSA/ObjC (= 1.7.0)
  - SwiftyRSA/ObjC (1.7.0)
  - Toast-Swift (5.0.1)
  - "UITextView+Placeholder (1.4.0)"

DEPENDENCIES:
  - Alamofire
  - BetterSegmentedControl (~> 2.0)
  - Charts
  - DownPicker
  - FirebaseCore
  - FirebaseMessaging
  - FSPagerView
  - IQKeyboardManagerSwift
  - Kingfisher
  - lottie-ios
  - ObjectMapper
  - PopupDialog
  - RealmSwift
  - RxCocoa
  - RxSwift
  - StepIndicator
  - SwiftReorder (~> 7.2)
  - SwiftTheme
  - SwiftyRSA
  - Toast-Swift
  - "UITextView+Placeholder"

SPEC REPOS:
  trunk:
    - Alamofire
    - BetterSegmentedControl
    - Charts
    - DownPicker
    - DynamicBlurView
    - FirebaseCore
    - FirebaseCoreDiagnostics
    - FirebaseInstallations
    - FirebaseMessaging
    - FSPagerView
    - GoogleDataTransport
    - GoogleUtilities
    - IQKeyboardManagerSwift
    - Kingfisher
    - lottie-ios
    - nanopb
    - ObjectMapper
    - PopupDialog
    - PromisesObjC
    - Realm
    - RealmSwift
    - RxCocoa
    - RxRelay
    - RxSwift
    - StepIndicator
    - SwiftAlgorithms
    - SwiftReorder
    - SwiftTheme
    - SwiftyRSA
    - Toast-Swift
    - "UITextView+Placeholder"

SPEC CHECKSUMS:
  Alamofire: 1c4fb5369c3fe93d2857c780d8bbe09f06f97e7c
  BetterSegmentedControl: 09607b27861d49cbce48b7673b74f9150a3d371a
  Charts: 354f86803d11d9c35de280587fef50d1af063978
  DownPicker: c00ea63f08ae82116cc93d0eba74e86bf3d4c68e
  DynamicBlurView: 58e18fae80bb614e34681a4486870e7d257b62e8
  FirebaseCore: b84a44ee7ba999e0f9f76d198a9c7f60a797b848
  FirebaseCoreDiagnostics: fd0c8490f34287229c1d6c103d3a55f81ec85712
  FirebaseInstallations: 7d1d967a307c12f1aadd76844fc321cef699b1ce
  FirebaseMessaging: 5ebc42d281567658a2cb72b9ef3506e4a1a1a6e4
  FSPagerView: 670405b2f18e2a87fa37f20b00de783e562c25a8
  GoogleDataTransport: 629c20a4d363167143f30ea78320d5a7eb8bd940
  GoogleUtilities: e0913149f6b0625b553d70dae12b49fc62914fd1
  IQKeyboardManagerSwift: 6e839c575c4aa1078d58a596e41244e77abe918f
  Kingfisher: cdb1189a9223b1bc028816bd47c8b8101a58831c
  lottie-ios: c55158d67d0629a260625cc2ded2052b829e3c3e
  nanopb: a0ba3315591a9ae0a16a309ee504766e90db0c96
  ObjectMapper: 1eb41f610210777375fa806bf161dc39fb832b81
  PopupDialog: 720c92befd8bc23c13442254945213db5612f149
  PromisesObjC: 68159ce6952d93e17b2dfe273b8c40907db5ba58
  Realm: 1a6e9b4f6983711655d8c0bcb6d2d29c3afbb1f3
  RealmSwift: e72669550d27082aa4fad5d176f5076cfe806245
  RxCocoa: 94f817b71c07517321eb4f9ad299112ca8af743b
  RxRelay: 1de1523e604c72b6c68feadedd1af3b1b4d0ecbd
  RxSwift: 5710a9e6b17f3c3d6e40d6e559b9fa1e813b2ef8
  StepIndicator: 748b293f671355b021253f82031ac002f153dc81
  SwiftAlgorithms: 38dda4731d19027fdeee1125f973111bf3386b53
  SwiftReorder: d687883abf5f2327268e006b038025a6fc515e34
  SwiftTheme: 007cbaf1f9e171caf6448a4657533e54c682b285
  SwiftyRSA: 8c6dd1ea7db1b8dc4fb517a202f88bb1354bc2c6
  Toast-Swift: 9b6a70f28b3bf0b96c40d46c0c4b9d6639846711
  "UITextView+Placeholder": d7b0c400921f66523f3a85d74f774512e14f6502

PODFILE CHECKSUM: bd4b8ce663cf4b92f0452e6acd76536fae47a5e1

COCOAPODS: 1.11.3
